// !$*UTF8*$!
{
	archiveVersion = 1;
	classes = {
	};
	objectVersion = 50;
	objects = {

/* Begin PBXBuildFile section */
		1964509425C40C7000BE4DF7 /* ImagePicker.swift in Sources */ = {isa = PBXBuildFile; fileRef = 1964509325C40C7000BE4DF7 /* ImagePicker.swift */; };
		198EB0AC25C2A188001E51B0 /* TwitterCloneApp.swift in Sources */ = {isa = PBXBuildFile; fileRef = 198EB0AB25C2A188001E51B0 /* TwitterCloneApp.swift */; };
		198EB0AE25C2A188001E51B0 /* ContentView.swift in Sources */ = {isa = PBXBuildFile; fileRef = 198EB0AD25C2A188001E51B0 /* ContentView.swift */; };
		198EB0B025C2A18A001E51B0 /* Assets.xcassets in Resources */ = {isa = PBXBuildFile; fileRef = 198EB0AF25C2A18A001E51B0 /* Assets.xcassets */; };
		198EB0B325C2A18A001E51B0 /* Preview Assets.xcassets in Resources */ = {isa = PBXBuildFile; fileRef = 198EB0B225C2A18A001E51B0 /* Preview Assets.xcassets */; };
		198EB0C025C2A256001E51B0 /* LoginView.swift in Sources */ = {isa = PBXBuildFile; fileRef = 198EB0BF25C2A256001E51B0 /* LoginView.swift */; };
		198EB0C525C2A860001E51B0 /* CustomTextField.swift in Sources */ = {isa = PBXBuildFile; fileRef = 198EB0C425C2A860001E51B0 /* CustomTextField.swift */; };
		198EB0C925C2BC43001E51B0 /* SecureTextField.swift in Sources */ = {isa = PBXBuildFile; fileRef = 198EB0C825C2BC43001E51B0 /* SecureTextField.swift */; };
		198EB0CC25C2C13E001E51B0 /* RegistrationView.swift in Sources */ = {isa = PBXBuildFile; fileRef = 198EB0CB25C2C13E001E51B0 /* RegistrationView.swift */; };
/* End PBXBuildFile section */

/* Begin PBXFileReference section */
		1964509325C40C7000BE4DF7 /* ImagePicker.swift */ = {isa = PBXFileReference; lastKnownFileType = sourcecode.swift; path = ImagePicker.swift; sourceTree = "<group>"; };
		198EB0A825C2A188001E51B0 /* TwitterClone.app */ = {isa = PBXFileReference; explicitFileType = wrapper.application; includeInIndex = 0; path = TwitterClone.app; sourceTree = BUILT_PRODUCTS_DIR; };
		198EB0AB25C2A188001E51B0 /* TwitterCloneApp.swift */ = {isa = PBXFileReference; lastKnownFileType = sourcecode.swift; path = TwitterCloneApp.swift; sourceTree = "<group>"; };
		198EB0AD25C2A188001E51B0 /* ContentView.swift */ = {isa = PBXFileReference; lastKnownFileType = sourcecode.swift; path = ContentView.swift; sourceTree = "<group>"; };
		198EB0AF25C2A18A001E51B0 /* Assets.xcassets */ = {isa = PBXFileReference; lastKnownFileType = folder.assetcatalog; path = Assets.xcassets; sourceTree = "<group>"; };
		198EB0B225C2A18A001E51B0 /* Preview Assets.xcassets */ = {isa = PBXFileReference; lastKnownFileType = folder.assetcatalog; path = "Preview Assets.xcassets"; sourceTree = "<group>"; };
		198EB0B425C2A18A001E51B0 /* Info.plist */ = {isa = PBXFileReference; lastKnownFileType = text.plist.xml; path = Info.plist; sourceTree = "<group>"; };
		198EB0BF25C2A256001E51B0 /* LoginView.swift */ = {isa = PBXFileReference; lastKnownFileType = sourcecode.swift; path = LoginView.swift; sourceTree = "<group>"; };
		198EB0C425C2A860001E51B0 /* CustomTextField.swift */ = {isa = PBXFileReference; lastKnownFileType = sourcecode.swift; path = CustomTextField.swift; sourceTree = "<group>"; };
		198EB0C825C2BC43001E51B0 /* SecureTextField.swift */ = {isa = PBXFileReference; lastKnownFileType = sourcecode.swift; path = SecureTextField.swift; sourceTree = "<group>"; };
		198EB0CB25C2C13E001E51B0 /* RegistrationView.swift */ = {isa = PBXFileReference; lastKnownFileType = sourcecode.swift; path = RegistrationView.swift; sourceTree = "<group>"; };
/* End PBXFileReference section */

/* Begin PBXFrameworksBuildPhase section */
		198EB0A525C2A188001E51B0 /* Frameworks */ = {
			isa = PBXFrameworksBuildPhase;
			buildActionMask = 2147483647;
			files = (
			);
			runOnlyForDeploymentPostprocessing = 0;
		};
/* End PBXFrameworksBuildPhase section */

/* Begin PBXGroup section */
		198EB09F25C2A188001E51B0 = {
			isa = PBXGroup;
			children = (
				198EB0AA25C2A188001E51B0 /* TwitterClone */,
				198EB0A925C2A188001E51B0 /* Products */,
			);
			sourceTree = "<group>";
		};
		198EB0A925C2A188001E51B0 /* Products */ = {
			isa = PBXGroup;
			children = (
				198EB0A825C2A188001E51B0 /* TwitterClone.app */,
			);
			name = Products;
			sourceTree = "<group>";
		};
		198EB0AA25C2A188001E51B0 /* TwitterClone */ = {
			isa = PBXGroup;
			children = (
				198EB0BB25C2A204001E51B0 /* Model */,
				198EB0BC25C2A211001E51B0 /* View */,
				198EB0BD25C2A218001E51B0 /* ViewModel */,
				198EB0AB25C2A188001E51B0 /* TwitterCloneApp.swift */,
				198EB0AD25C2A188001E51B0 /* ContentView.swift */,
				198EB0AF25C2A18A001E51B0 /* Assets.xcassets */,
				198EB0B425C2A18A001E51B0 /* Info.plist */,
				198EB0B125C2A18A001E51B0 /* Preview Content */,
			);
			path = TwitterClone;
			sourceTree = "<group>";
		};
		198EB0B125C2A18A001E51B0 /* Preview Content */ = {
			isa = PBXGroup;
			children = (
				198EB0B225C2A18A001E51B0 /* Preview Assets.xcassets */,
			);
			path = "Preview Content";
			sourceTree = "<group>";
		};
		198EB0BB25C2A204001E51B0 /* Model */ = {
			isa = PBXGroup;
			children = (
			);
			path = Model;
			sourceTree = "<group>";
		};
		198EB0BC25C2A211001E51B0 /* View */ = {
			isa = PBXGroup;
			children = (
				198EB0C325C2A83F001E51B0 /* Utils */,
				198EB0BE25C2A23E001E51B0 /* Authentication */,
			);
			path = View;
			sourceTree = "<group>";
		};
		198EB0BD25C2A218001E51B0 /* ViewModel */ = {
			isa = PBXGroup;
			children = (
			);
			path = ViewModel;
			sourceTree = "<group>";
		};
		198EB0BE25C2A23E001E51B0 /* Authentication */ = {
			isa = PBXGroup;
			children = (
				198EB0BF25C2A256001E51B0 /* LoginView.swift */,
				198EB0CB25C2C13E001E51B0 /* RegistrationView.swift */,
			);
			path = Authentication;
			sourceTree = "<group>";
		};
		198EB0C325C2A83F001E51B0 /* Utils */ = {
			isa = PBXGroup;
			children = (
				198EB0C425C2A860001E51B0 /* CustomTextField.swift */,
				198EB0C825C2BC43001E51B0 /* SecureTextField.swift */,
				1964509325C40C7000BE4DF7 /* ImagePicker.swift */,
			);
			path = Utils;
			sourceTree = "<group>";
		};
/* End PBXGroup section */

/* Begin PBXNativeTarget section */
		198EB0A725C2A188001E51B0 /* TwitterClone */ = {
			isa = PBXNativeTarget;
			buildConfigurationList = 198EB0B725C2A18A001E51B0 /* Build configuration list for PBXNativeTarget "TwitterClone" */;
			buildPhases = (
				198EB0A425C2A188001E51B0 /* Sources */,
				198EB0A525C2A188001E51B0 /* Frameworks */,
				198EB0A625C2A188001E51B0 /* Resources */,
			);
			buildRules = (
			);
			dependencies = (
			);
			name = TwitterClone;
			productName = TwitterClone;
			productReference = 198EB0A825C2A188001E51B0 /* TwitterClone.app */;
			productType = "com.apple.product-type.application";
		};
/* End PBXNativeTarget section */

/* Begin PBXProject section */
		198EB0A025C2A188001E51B0 /* Project object */ = {
			isa = PBXProject;
			attributes = {
				LastSwiftUpdateCheck = 1240;
				LastUpgradeCheck = 1240;
				TargetAttributes = {
					198EB0A725C2A188001E51B0 = {
						CreatedOnToolsVersion = 12.4;
					};
				};
			};
			buildConfigurationList = 198EB0A325C2A188001E51B0 /* Build configuration list for PBXProject "TwitterClone" */;
			compatibilityVersion = "Xcode 9.3";
			developmentRegion = en;
			hasScannedForEncodings = 0;
			knownRegions = (
				en,
				Base,
			);
			mainGroup = 198EB09F25C2A188001E51B0;
			productRefGroup = 198EB0A925C2A188001E51B0 /* Products */;
			projectDirPath = "";
			projectRoot = "";
			targets = (
				198EB0A725C2A188001E51B0 /* TwitterClone */,
			);
		};
/* End PBXProject section */

/* Begin PBXResourcesBuildPhase section */
		198EB0A625C2A188001E51B0 /* Resources */ = {
			isa = PBXResourcesBuildPhase;
			buildActionMask = 2147483647;
			files = (
				198EB0B325C2A18A001E51B0 /* Preview Assets.xcassets in Resources */,
				198EB0B025C2A18A001E51B0 /* Assets.xcassets in Resources */,
			);
			runOnlyForDeploymentPostprocessing = 0;
		};
/* End PBXResourcesBuildPhase section */

/* Begin PBXSourcesBuildPhase section */
		198EB0A425C2A188001E51B0 /* Sources */ = {
			isa = PBXSourcesBuildPhase;
			buildActionMask = 2147483647;
			files = (
				198EB0C525C2A860001E51B0 /* CustomTextField.swift in Sources */,
				198EB0C925C2BC43001E51B0 /* SecureTextField.swift in Sources */,
				198EB0C025C2A256001E51B0 /* LoginView.swift in Sources */,
				1964509425C40C7000BE4DF7 /* ImagePicker.swift in Sources */,
				198EB0CC25C2C13E001E51B0 /* RegistrationView.swift in Sources */,
				198EB0AE25C2A188001E51B0 /* ContentView.swift in Sources */,
				198EB0AC25C2A188001E51B0 /* TwitterCloneApp.swift in Sources */,
			);
			runOnlyForDeploymentPostprocessing = 0;
		};
/* End PBXSourcesBuildPhase section */

/* Begin XCBuildConfiguration section */
		198EB0B525C2A18A001E51B0 /* Debug */ = {
			isa = XCBuildConfiguration;
			buildSettings = {
				ALWAYS_SEARCH_USER_PATHS = NO;
				CLANG_ANALYZER_NONNULL = YES;
				CLANG_ANALYZER_NUMBER_OBJECT_CONVERSION = YES_AGGRESSIVE;
				CLANG_CXX_LANGUAGE_STANDARD = "gnu++14";
				CLANG_CXX_LIBRARY = "libc++";
				CLANG_ENABLE_MODULES = YES;
				CLANG_ENABLE_OBJC_ARC = YES;
				CLANG_ENABLE_OBJC_WEAK = YES;
				CLANG_WARN_BLOCK_CAPTURE_AUTORELEASING = YES;
				CLANG_WARN_BOOL_CONVERSION = YES;
				CLANG_WARN_COMMA = YES;
				CLANG_WARN_CONSTANT_CONVERSION = YES;
				CLANG_WARN_DEPRECATED_OBJC_IMPLEMENTATIONS = YES;
				CLANG_WARN_DIRECT_OBJC_ISA_USAGE = YES_ERROR;
				CLANG_WARN_DOCUMENTATION_COMMENTS = YES;
				CLANG_WARN_EMPTY_BODY = YES;
				CLANG_WARN_ENUM_CONVERSION = YES;
				CLANG_WARN_INFINITE_RECURSION = YES;
				CLANG_WARN_INT_CONVERSION = YES;
				CLANG_WARN_NON_LITERAL_NULL_CONVERSION = YES;
				CLANG_WARN_OBJC_IMPLICIT_RETAIN_SELF = YES;
				CLANG_WARN_OBJC_LITERAL_CONVERSION = YES;
				CLANG_WARN_OBJC_ROOT_CLASS = YES_ERROR;
				CLANG_WARN_QUOTED_INCLUDE_IN_FRAMEWORK_HEADER = YES;
				CLANG_WARN_RANGE_LOOP_ANALYSIS = YES;
				CLANG_WARN_STRICT_PROTOTYPES = YES;
				CLANG_WARN_SUSPICIOUS_MOVE = YES;
				CLANG_WARN_UNGUARDED_AVAILABILITY = YES_AGGRESSIVE;
				CLANG_WARN_UNREACHABLE_CODE = YES;
				CLANG_WARN__DUPLICATE_METHOD_MATCH = YES;
				COPY_PHASE_STRIP = NO;
				DEBUG_INFORMATION_FORMAT = dwarf;
				ENABLE_STRICT_OBJC_MSGSEND = YES;
				ENABLE_TESTABILITY = YES;
				GCC_C_LANGUAGE_STANDARD = gnu11;
				GCC_DYNAMIC_NO_PIC = NO;
				GCC_NO_COMMON_BLOCKS = YES;
				GCC_OPTIMIZATION_LEVEL = 0;
				GCC_PREPROCESSOR_DEFINITIONS = (
					"DEBUG=1",
					"$(inherited)",
				);
				GCC_WARN_64_TO_32_BIT_CONVERSION = YES;
				GCC_WARN_ABOUT_RETURN_TYPE = YES_ERROR;
				GCC_WARN_UNDECLARED_SELECTOR = YES;
				GCC_WARN_UNINITIALIZED_AUTOS = YES_AGGRESSIVE;
				GCC_WARN_UNUSED_FUNCTION = YES;
				GCC_WARN_UNUSED_VARIABLE = YES;
				IPHONEOS_DEPLOYMENT_TARGET = 14.4;
				MTL_ENABLE_DEBUG_INFO = INCLUDE_SOURCE;
				MTL_FAST_MATH = YES;
				ONLY_ACTIVE_ARCH = YES;
				SDKROOT = iphoneos;
				SWIFT_ACTIVE_COMPILATION_CONDITIONS = DEBUG;
				SWIFT_OPTIMIZATION_LEVEL = "-Onone";
			};
			name = Debug;
		};
		198EB0B625C2A18A001E51B0 /* Release */ = {
			isa = XCBuildConfiguration;
			buildSettings = {
				ALWAYS_SEARCH_USER_PATHS = NO;
				CLANG_ANALYZER_NONNULL = YES;
				CLANG_ANALYZER_NUMBER_OBJECT_CONVERSION = YES_AGGRESSIVE;
				CLANG_CXX_LANGUAGE_STANDARD = "gnu++14";
				CLANG_CXX_LIBRARY = "libc++";
				CLANG_ENABLE_MODULES = YES;
				CLANG_ENABLE_OBJC_ARC = YES;
				CLANG_ENABLE_OBJC_WEAK = YES;
				CLANG_WARN_BLOCK_CAPTURE_AUTORELEASING = YES;
				CLANG_WARN_BOOL_CONVERSION = YES;
				CLANG_WARN_COMMA = YES;
				CLANG_WARN_CONSTANT_CONVERSION = YES;
				CLANG_WARN_DEPRECATED_OBJC_IMPLEMENTATIONS = YES;
				CLANG_WARN_DIRECT_OBJC_ISA_USAGE = YES_ERROR;
				CLANG_WARN_DOCUMENTATION_COMMENTS = YES;
				CLANG_WARN_EMPTY_BODY = YES;
				CLANG_WARN_ENUM_CONVERSION = YES;
				CLANG_WARN_INFINITE_RECURSION = YES;
				CLANG_WARN_INT_CONVERSION = YES;
				CLANG_WARN_NON_LITERAL_NULL_CONVERSION = YES;
				CLANG_WARN_OBJC_IMPLICIT_RETAIN_SELF = YES;
				CLANG_WARN_OBJC_LITERAL_CONVERSION = YES;
				CLANG_WARN_OBJC_ROOT_CLASS = YES_ERROR;
				CLANG_WARN_QUOTED_INCLUDE_IN_FRAMEWORK_HEADER = YES;
				CLANG_WARN_RANGE_LOOP_ANALYSIS = YES;
				CLANG_WARN_STRICT_PROTOTYPES = YES;
				CLANG_WARN_SUSPICIOUS_MOVE = YES;
				CLANG_WARN_UNGUARDED_AVAILABILITY = YES_AGGRESSIVE;
				CLANG_WARN_UNREACHABLE_CODE = YES;
				CLANG_WARN__DUPLICATE_METHOD_MATCH = YES;
				COPY_PHASE_STRIP = NO;
				DEBUG_INFORMATION_FORMAT = "dwarf-with-dsym";
				ENABLE_NS_ASSERTIONS = NO;
				ENABLE_STRICT_OBJC_MSGSEND = YES;
				GCC_C_LANGUAGE_STANDARD = gnu11;
				GCC_NO_COMMON_BLOCKS = YES;
				GCC_WARN_64_TO_32_BIT_CONVERSION = YES;
				GCC_WARN_ABOUT_RETURN_TYPE = YES_ERROR;
				GCC_WARN_UNDECLARED_SELECTOR = YES;
				GCC_WARN_UNINITIALIZED_AUTOS = YES_AGGRESSIVE;
				GCC_WARN_UNUSED_FUNCTION = YES;
				GCC_WARN_UNUSED_VARIABLE = YES;
				IPHONEOS_DEPLOYMENT_TARGET = 14.4;
				MTL_ENABLE_DEBUG_INFO = NO;
				MTL_FAST_MATH = YES;
				SDKROOT = iphoneos;
				SWIFT_COMPILATION_MODE = wholemodule;
				SWIFT_OPTIMIZATION_LEVEL = "-O";
				VALIDATE_PRODUCT = YES;
			};
			name = Release;
		};
		198EB0B825C2A18A001E51B0 /* Debug */ = {
			isa = XCBuildConfiguration;
			buildSettings = {
				ASSETCATALOG_COMPILER_APPICON_NAME = AppIcon;
				ASSETCATALOG_COMPILER_GLOBAL_ACCENT_COLOR_NAME = AccentColor;
				CODE_SIGN_STYLE = Automatic;
				DEVELOPMENT_ASSET_PATHS = "\"TwitterClone/Preview Content\"";
				ENABLE_PREVIEWS = YES;
				INFOPLIST_FILE = TwitterClone/Info.plist;
				IPHONEOS_DEPLOYMENT_TARGET = 14.0;
				LD_RUNPATH_SEARCH_PATHS = (
					"$(inherited)",
					"@executable_path/Frameworks",
				);
				PRODUCT_BUNDLE_IDENTIFIER = chihsien.TwitterClone;
				PRODUCT_NAME = "$(TARGET_NAME)";
				SWIFT_VERSION = 5.0;
				TARGETED_DEVICE_FAMILY = "1,2";
			};
			name = Debug;
		};
		198EB0B925C2A18A001E51B0 /* Release */ = {
			isa = XCBuildConfiguration;
			buildSettings = {
				ASSETCATALOG_COMPILER_APPICON_NAME = AppIcon;
				ASSETCATALOG_COMPILER_GLOBAL_ACCENT_COLOR_NAME = AccentColor;
				CODE_SIGN_STYLE = Automatic;
				DEVELOPMENT_ASSET_PATHS = "\"TwitterClone/Preview Content\"";
				ENABLE_PREVIEWS = YES;
				INFOPLIST_FILE = TwitterClone/Info.plist;
				IPHONEOS_DEPLOYMENT_TARGET = 14.0;
				LD_RUNPATH_SEARCH_PATHS = (
					"$(inherited)",
					"@executable_path/Frameworks",
				);
				PRODUCT_BUNDLE_IDENTIFIER = chihsien.TwitterClone;
				PRODUCT_NAME = "$(TARGET_NAME)";
				SWIFT_VERSION = 5.0;
				TARGETED_DEVICE_FAMILY = "1,2";
			};
			name = Release;
		};
/* End XCBuildConfiguration section */

/* Begin XCConfigurationList section */
		198EB0A325C2A188001E51B0 /* Build configuration list for PBXProject "TwitterClone" */ = {
			isa = XCConfigurationList;
			buildConfigurations = (
				198EB0B525C2A18A001E51B0 /* Debug */,
				198EB0B625C2A18A001E51B0 /* Release */,
			);
			defaultConfigurationIsVisible = 0;
			defaultConfigurationName = Release;
		};
		198EB0B725C2A18A001E51B0 /* Build configuration list for PBXNativeTarget "TwitterClone" */ = {
			isa = XCConfigurationList;
			buildConfigurations = (
				198EB0B825C2A18A001E51B0 /* Debug */,
				198EB0B925C2A18A001E51B0 /* Release */,
			);
			defaultConfigurationIsVisible = 0;
			defaultConfigurationName = Release;
		};
/* End XCConfigurationList section */
	};
	rootObject = 198EB0A025C2A188001E51B0 /* Project object */;
}
